// !$*UTF8*$!
{
	archiveVersion = 1;
	classes = {
	};
	objectVersion = 55;
	objects = {

/* Begin PBXBuildFile section */
		C91040ED28CD79CD002B582C /* AppDelegate.swift in Sources */ = {isa = PBXBuildFile; fileRef = C91040EC28CD79CD002B582C /* AppDelegate.swift */; };
		C91040EF28CD79CD002B582C /* SceneDelegate.swift in Sources */ = {isa = PBXBuildFile; fileRef = C91040EE28CD79CD002B582C /* SceneDelegate.swift */; };
		C91040F128CD79CD002B582C /* MainTabBarViewController.swift in Sources */ = {isa = PBXBuildFile; fileRef = C91040F028CD79CD002B582C /* MainTabBarViewController.swift */; };
		C91040F628CD79CE002B582C /* Assets.xcassets in Resources */ = {isa = PBXBuildFile; fileRef = C91040F528CD79CE002B582C /* Assets.xcassets */; };
		C91040F928CD79CE002B582C /* LaunchScreen.storyboard in Resources */ = {isa = PBXBuildFile; fileRef = C91040F728CD79CE002B582C /* LaunchScreen.storyboard */; };
		C910410228CD8052002B582C /* HomeViewController.swift in Sources */ = {isa = PBXBuildFile; fileRef = C910410128CD8052002B582C /* HomeViewController.swift */; };
		C910410428CD8088002B582C /* UpcomingViewController.swift in Sources */ = {isa = PBXBuildFile; fileRef = C910410328CD8088002B582C /* UpcomingViewController.swift */; };
		C910410628CD80AA002B582C /* SearchViewController.swift in Sources */ = {isa = PBXBuildFile; fileRef = C910410528CD80AA002B582C /* SearchViewController.swift */; };
		C910410828CD80DA002B582C /* DownloadViewController.swift in Sources */ = {isa = PBXBuildFile; fileRef = C910410728CD80DA002B582C /* DownloadViewController.swift */; };
		C910410F28CE44D1002B582C /* CollectionViewTableViewCell.swift in Sources */ = {isa = PBXBuildFile; fileRef = C910410E28CE44D1002B582C /* CollectionViewTableViewCell.swift */; };
		C910411128CE5090002B582C /* HeroHeaderUIView.swift in Sources */ = {isa = PBXBuildFile; fileRef = C910411028CE5090002B582C /* HeroHeaderUIView.swift */; };
		C910411328CE6FA4002B582C /* APICaller.swift in Sources */ = {isa = PBXBuildFile; fileRef = C910411228CE6FA4002B582C /* APICaller.swift */; };
/* End PBXBuildFile section */

/* Begin PBXFileReference section */
		C91040E928CD79CD002B582C /* Netflix Geyu.app */ = {isa = PBXFileReference; explicitFileType = wrapper.application; includeInIndex = 0; path = "Netflix Geyu.app"; sourceTree = BUILT_PRODUCTS_DIR; };
		C91040EC28CD79CD002B582C /* AppDelegate.swift */ = {isa = PBXFileReference; lastKnownFileType = sourcecode.swift; path = AppDelegate.swift; sourceTree = "<group>"; };
		C91040EE28CD79CD002B582C /* SceneDelegate.swift */ = {isa = PBXFileReference; lastKnownFileType = sourcecode.swift; path = SceneDelegate.swift; sourceTree = "<group>"; };
		C91040F028CD79CD002B582C /* MainTabBarViewController.swift */ = {isa = PBXFileReference; lastKnownFileType = sourcecode.swift; path = MainTabBarViewController.swift; sourceTree = "<group>"; };
		C91040F528CD79CE002B582C /* Assets.xcassets */ = {isa = PBXFileReference; lastKnownFileType = folder.assetcatalog; path = Assets.xcassets; sourceTree = "<group>"; };
		C91040F828CD79CE002B582C /* Base */ = {isa = PBXFileReference; lastKnownFileType = file.storyboard; name = Base; path = Base.lproj/LaunchScreen.storyboard; sourceTree = "<group>"; };
		C91040FA28CD79CE002B582C /* Info.plist */ = {isa = PBXFileReference; lastKnownFileType = text.plist.xml; path = Info.plist; sourceTree = "<group>"; };
		C910410128CD8052002B582C /* HomeViewController.swift */ = {isa = PBXFileReference; lastKnownFileType = sourcecode.swift; path = HomeViewController.swift; sourceTree = "<group>"; };
		C910410328CD8088002B582C /* UpcomingViewController.swift */ = {isa = PBXFileReference; lastKnownFileType = sourcecode.swift; path = UpcomingViewController.swift; sourceTree = "<group>"; };
		C910410528CD80AA002B582C /* SearchViewController.swift */ = {isa = PBXFileReference; lastKnownFileType = sourcecode.swift; path = SearchViewController.swift; sourceTree = "<group>"; };
		C910410728CD80DA002B582C /* DownloadViewController.swift */ = {isa = PBXFileReference; lastKnownFileType = sourcecode.swift; path = DownloadViewController.swift; sourceTree = "<group>"; };
		C910410E28CE44D1002B582C /* CollectionViewTableViewCell.swift */ = {isa = PBXFileReference; lastKnownFileType = sourcecode.swift; path = CollectionViewTableViewCell.swift; sourceTree = "<group>"; };
		C910411028CE5090002B582C /* HeroHeaderUIView.swift */ = {isa = PBXFileReference; lastKnownFileType = sourcecode.swift; path = HeroHeaderUIView.swift; sourceTree = "<group>"; };
		C910411228CE6FA4002B582C /* APICaller.swift */ = {isa = PBXFileReference; lastKnownFileType = sourcecode.swift; path = APICaller.swift; sourceTree = "<group>"; };
/* End PBXFileReference section */

/* Begin PBXFrameworksBuildPhase section */
		C91040E628CD79CD002B582C /* Frameworks */ = {
			isa = PBXFrameworksBuildPhase;
			buildActionMask = 2147483647;
			files = (
			);
			runOnlyForDeploymentPostprocessing = 0;
		};
/* End PBXFrameworksBuildPhase section */

/* Begin PBXGroup section */
		C91040E028CD79CD002B582C = {
			isa = PBXGroup;
			children = (
				C91040EB28CD79CD002B582C /* Netflix Geyu */,
				C91040EA28CD79CD002B582C /* Products */,
			);
			sourceTree = "<group>";
		};
		C91040EA28CD79CD002B582C /* Products */ = {
			isa = PBXGroup;
			children = (
				C91040E928CD79CD002B582C /* Netflix Geyu.app */,
			);
			name = Products;
			sourceTree = "<group>";
		};
		C91040EB28CD79CD002B582C /* Netflix Geyu */ = {
			isa = PBXGroup;
			children = (
				C910410D28CE448A002B582C /* Managers */,
				C910410C28CE4483002B582C /* Resources */,
				C910410B28CE446A002B582C /* Models */,
				C910410A28CE445F002B582C /* ViewModels */,
				C910410928CE4459002B582C /* Views */,
				C910410028CD8010002B582C /* Controllers */,
				C91040EC28CD79CD002B582C /* AppDelegate.swift */,
				C91040EE28CD79CD002B582C /* SceneDelegate.swift */,
				C91040F028CD79CD002B582C /* MainTabBarViewController.swift */,
				C91040F528CD79CE002B582C /* Assets.xcassets */,
				C91040F728CD79CE002B582C /* LaunchScreen.storyboard */,
				C91040FA28CD79CE002B582C /* Info.plist */,
			);
			path = "Netflix Geyu";
			sourceTree = "<group>";
		};
		C910410028CD8010002B582C /* Controllers */ = {
			isa = PBXGroup;
			children = (
				C910410128CD8052002B582C /* HomeViewController.swift */,
				C910410328CD8088002B582C /* UpcomingViewController.swift */,
				C910410528CD80AA002B582C /* SearchViewController.swift */,
				C910410728CD80DA002B582C /* DownloadViewController.swift */,
			);
			path = Controllers;
			sourceTree = "<group>";
		};
		C910410928CE4459002B582C /* Views */ = {
			isa = PBXGroup;
			children = (
				C910410E28CE44D1002B582C /* CollectionViewTableViewCell.swift */,
				C910411028CE5090002B582C /* HeroHeaderUIView.swift */,
			);
			path = Views;
			sourceTree = "<group>";
		};
		C910410A28CE445F002B582C /* ViewModels */ = {
			isa = PBXGroup;
			children = (
			);
			path = ViewModels;
			sourceTree = "<group>";
		};
		C910410B28CE446A002B582C /* Models */ = {
			isa = PBXGroup;
			children = (
			);
			path = Models;
			sourceTree = "<group>";
		};
		C910410C28CE4483002B582C /* Resources */ = {
			isa = PBXGroup;
			children = (
			);
			path = Resources;
			sourceTree = "<group>";
		};
		C910410D28CE448A002B582C /* Managers */ = {
			isa = PBXGroup;
			children = (
				C910411228CE6FA4002B582C /* APICaller.swift */,
			);
			path = Managers;
			sourceTree = "<group>";
		};
/* End PBXGroup section */

/* Begin PBXNativeTarget section */
		C91040E828CD79CD002B582C /* Netflix Geyu */ = {
			isa = PBXNativeTarget;
			buildConfigurationList = C91040FD28CD79CE002B582C /* Build configuration list for PBXNativeTarget "Netflix Geyu" */;
			buildPhases = (
				C91040E528CD79CD002B582C /* Sources */,
				C91040E628CD79CD002B582C /* Frameworks */,
				C91040E728CD79CD002B582C /* Resources */,
			);
			buildRules = (
			);
			dependencies = (
			);
			name = "Netflix Geyu";
			productName = "Netflix Geyu";
			productReference = C91040E928CD79CD002B582C /* Netflix Geyu.app */;
			productType = "com.apple.product-type.application";
		};
/* End PBXNativeTarget section */

/* Begin PBXProject section */
		C91040E128CD79CD002B582C /* Project object */ = {
			isa = PBXProject;
			attributes = {
				BuildIndependentTargetsInParallel = 1;
				LastSwiftUpdateCheck = 1340;
				LastUpgradeCheck = 1340;
				TargetAttributes = {
					C91040E828CD79CD002B582C = {
						CreatedOnToolsVersion = 13.4.1;
					};
				};
			};
			buildConfigurationList = C91040E428CD79CD002B582C /* Build configuration list for PBXProject "Netflix Geyu" */;
			compatibilityVersion = "Xcode 13.0";
			developmentRegion = en;
			hasScannedForEncodings = 0;
			knownRegions = (
				en,
				Base,
			);
			mainGroup = C91040E028CD79CD002B582C;
			productRefGroup = C91040EA28CD79CD002B582C /* Products */;
			projectDirPath = "";
			projectRoot = "";
			targets = (
				C91040E828CD79CD002B582C /* Netflix Geyu */,
			);
		};
/* End PBXProject section */

/* Begin PBXResourcesBuildPhase section */
		C91040E728CD79CD002B582C /* Resources */ = {
			isa = PBXResourcesBuildPhase;
			buildActionMask = 2147483647;
			files = (
				C91040F928CD79CE002B582C /* LaunchScreen.storyboard in Resources */,
				C91040F628CD79CE002B582C /* Assets.xcassets in Resources */,
			);
			runOnlyForDeploymentPostprocessing = 0;
		};
/* End PBXResourcesBuildPhase section */

/* Begin PBXSourcesBuildPhase section */
		C91040E528CD79CD002B582C /* Sources */ = {
			isa = PBXSourcesBuildPhase;
			buildActionMask = 2147483647;
			files = (
				C910410628CD80AA002B582C /* SearchViewController.swift in Sources */,
				C91040F128CD79CD002B582C /* MainTabBarViewController.swift in Sources */,
				C910410F28CE44D1002B582C /* CollectionViewTableViewCell.swift in Sources */,
				C910411328CE6FA4002B582C /* APICaller.swift in Sources */,
				C910411128CE5090002B582C /* HeroHeaderUIView.swift in Sources */,
				C91040ED28CD79CD002B582C /* AppDelegate.swift in Sources */,
				C910410828CD80DA002B582C /* DownloadViewController.swift in Sources */,
				C91040EF28CD79CD002B582C /* SceneDelegate.swift in Sources */,
				C910410428CD8088002B582C /* UpcomingViewController.swift in Sources */,
				C910410228CD8052002B582C /* HomeViewController.swift in Sources */,
			);
			runOnlyForDeploymentPostprocessing = 0;
		};
/* End PBXSourcesBuildPhase section */

/* Begin PBXVariantGroup section */
		C91040F728CD79CE002B582C /* LaunchScreen.storyboard */ = {
			isa = PBXVariantGroup;
			children = (
				C91040F828CD79CE002B582C /* Base */,
			);
			name = LaunchScreen.storyboard;
			sourceTree = "<group>";
		};
/* End PBXVariantGroup section */

/* Begin XCBuildConfiguration section */
		C91040FB28CD79CE002B582C /* Debug */ = {
			isa = XCBuildConfiguration;
			buildSettings = {
				ALWAYS_SEARCH_USER_PATHS = NO;
				CLANG_ANALYZER_NONNULL = YES;
				CLANG_ANALYZER_NUMBER_OBJECT_CONVERSION = YES_AGGRESSIVE;
				CLANG_CXX_LANGUAGE_STANDARD = "gnu++17";
				CLANG_ENABLE_MODULES = YES;
				CLANG_ENABLE_OBJC_ARC = YES;
				CLANG_ENABLE_OBJC_WEAK = YES;
				CLANG_WARN_BLOCK_CAPTURE_AUTORELEASING = YES;
				CLANG_WARN_BOOL_CONVERSION = YES;
				CLANG_WARN_COMMA = YES;
				CLANG_WARN_CONSTANT_CONVERSION = YES;
				CLANG_WARN_DEPRECATED_OBJC_IMPLEMENTATIONS = YES;
				CLANG_WARN_DIRECT_OBJC_ISA_USAGE = YES_ERROR;
				CLANG_WARN_DOCUMENTATION_COMMENTS = YES;
				CLANG_WARN_EMPTY_BODY = YES;
				CLANG_WARN_ENUM_CONVERSION = YES;
				CLANG_WARN_INFINITE_RECURSION = YES;
				CLANG_WARN_INT_CONVERSION = YES;
				CLANG_WARN_NON_LITERAL_NULL_CONVERSION = YES;
				CLANG_WARN_OBJC_IMPLICIT_RETAIN_SELF = YES;
				CLANG_WARN_OBJC_LITERAL_CONVERSION = YES;
				CLANG_WARN_OBJC_ROOT_CLASS = YES_ERROR;
				CLANG_WARN_QUOTED_INCLUDE_IN_FRAMEWORK_HEADER = YES;
				CLANG_WARN_RANGE_LOOP_ANALYSIS = YES;
				CLANG_WARN_STRICT_PROTOTYPES = YES;
				CLANG_WARN_SUSPICIOUS_MOVE = YES;
				CLANG_WARN_UNGUARDED_AVAILABILITY = YES_AGGRESSIVE;
				CLANG_WARN_UNREACHABLE_CODE = YES;
				CLANG_WARN__DUPLICATE_METHOD_MATCH = YES;
				COPY_PHASE_STRIP = NO;
				DEBUG_INFORMATION_FORMAT = dwarf;
				ENABLE_STRICT_OBJC_MSGSEND = YES;
				ENABLE_TESTABILITY = YES;
				GCC_C_LANGUAGE_STANDARD = gnu11;
				GCC_DYNAMIC_NO_PIC = NO;
				GCC_NO_COMMON_BLOCKS = YES;
				GCC_OPTIMIZATION_LEVEL = 0;
				GCC_PREPROCESSOR_DEFINITIONS = (
					"DEBUG=1",
					"$(inherited)",
				);
				GCC_WARN_64_TO_32_BIT_CONVERSION = YES;
				GCC_WARN_ABOUT_RETURN_TYPE = YES_ERROR;
				GCC_WARN_UNDECLARED_SELECTOR = YES;
				GCC_WARN_UNINITIALIZED_AUTOS = YES_AGGRESSIVE;
				GCC_WARN_UNUSED_FUNCTION = YES;
				GCC_WARN_UNUSED_VARIABLE = YES;
				IPHONEOS_DEPLOYMENT_TARGET = 15.5;
				MTL_ENABLE_DEBUG_INFO = INCLUDE_SOURCE;
				MTL_FAST_MATH = YES;
				ONLY_ACTIVE_ARCH = YES;
				SDKROOT = iphoneos;
				SWIFT_ACTIVE_COMPILATION_CONDITIONS = DEBUG;
				SWIFT_OPTIMIZATION_LEVEL = "-Onone";
			};
			name = Debug;
		};
		C91040FC28CD79CE002B582C /* Release */ = {
			isa = XCBuildConfiguration;
			buildSettings = {
				ALWAYS_SEARCH_USER_PATHS = NO;
				CLANG_ANALYZER_NONNULL = YES;
				CLANG_ANALYZER_NUMBER_OBJECT_CONVERSION = YES_AGGRESSIVE;
				CLANG_CXX_LANGUAGE_STANDARD = "gnu++17";
				CLANG_ENABLE_MODULES = YES;
				CLANG_ENABLE_OBJC_ARC = YES;
				CLANG_ENABLE_OBJC_WEAK = YES;
				CLANG_WARN_BLOCK_CAPTURE_AUTORELEASING = YES;
				CLANG_WARN_BOOL_CONVERSION = YES;
				CLANG_WARN_COMMA = YES;
				CLANG_WARN_CONSTANT_CONVERSION = YES;
				CLANG_WARN_DEPRECATED_OBJC_IMPLEMENTATIONS = YES;
				CLANG_WARN_DIRECT_OBJC_ISA_USAGE = YES_ERROR;
				CLANG_WARN_DOCUMENTATION_COMMENTS = YES;
				CLANG_WARN_EMPTY_BODY = YES;
				CLANG_WARN_ENUM_CONVERSION = YES;
				CLANG_WARN_INFINITE_RECURSION = YES;
				CLANG_WARN_INT_CONVERSION = YES;
				CLANG_WARN_NON_LITERAL_NULL_CONVERSION = YES;
				CLANG_WARN_OBJC_IMPLICIT_RETAIN_SELF = YES;
				CLANG_WARN_OBJC_LITERAL_CONVERSION = YES;
				CLANG_WARN_OBJC_ROOT_CLASS = YES_ERROR;
				CLANG_WARN_QUOTED_INCLUDE_IN_FRAMEWORK_HEADER = YES;
				CLANG_WARN_RANGE_LOOP_ANALYSIS = YES;
				CLANG_WARN_STRICT_PROTOTYPES = YES;
				CLANG_WARN_SUSPICIOUS_MOVE = YES;
				CLANG_WARN_UNGUARDED_AVAILABILITY = YES_AGGRESSIVE;
				CLANG_WARN_UNREACHABLE_CODE = YES;
				CLANG_WARN__DUPLICATE_METHOD_MATCH = YES;
				COPY_PHASE_STRIP = NO;
				DEBUG_INFORMATION_FORMAT = "dwarf-with-dsym";
				ENABLE_NS_ASSERTIONS = NO;
				ENABLE_STRICT_OBJC_MSGSEND = YES;
				GCC_C_LANGUAGE_STANDARD = gnu11;
				GCC_NO_COMMON_BLOCKS = YES;
				GCC_WARN_64_TO_32_BIT_CONVERSION = YES;
				GCC_WARN_ABOUT_RETURN_TYPE = YES_ERROR;
				GCC_WARN_UNDECLARED_SELECTOR = YES;
				GCC_WARN_UNINITIALIZED_AUTOS = YES_AGGRESSIVE;
				GCC_WARN_UNUSED_FUNCTION = YES;
				GCC_WARN_UNUSED_VARIABLE = YES;
				IPHONEOS_DEPLOYMENT_TARGET = 15.5;
				MTL_ENABLE_DEBUG_INFO = NO;
				MTL_FAST_MATH = YES;
				SDKROOT = iphoneos;
				SWIFT_COMPILATION_MODE = wholemodule;
				SWIFT_OPTIMIZATION_LEVEL = "-O";
				VALIDATE_PRODUCT = YES;
			};
			name = Release;
		};
		C91040FE28CD79CE002B582C /* Debug */ = {
			isa = XCBuildConfiguration;
			buildSettings = {
				ASSETCATALOG_COMPILER_APPICON_NAME = AppIcon;
				ASSETCATALOG_COMPILER_GLOBAL_ACCENT_COLOR_NAME = AccentColor;
				CODE_SIGN_STYLE = Automatic;
				CURRENT_PROJECT_VERSION = 1;
				DEVELOPMENT_TEAM = G45Q2W67L3;
				GENERATE_INFOPLIST_FILE = YES;
				INFOPLIST_FILE = "Netflix Geyu/Info.plist";
				INFOPLIST_KEY_UIApplicationSupportsIndirectInputEvents = YES;
				INFOPLIST_KEY_UILaunchStoryboardName = LaunchScreen;
				INFOPLIST_KEY_UISupportedInterfaceOrientations_iPad = "UIInterfaceOrientationPortrait UIInterfaceOrientationPortraitUpsideDown UIInterfaceOrientationLandscapeLeft UIInterfaceOrientationLandscapeRight";
				INFOPLIST_KEY_UISupportedInterfaceOrientations_iPhone = "UIInterfaceOrientationPortrait UIInterfaceOrientationLandscapeLeft UIInterfaceOrientationLandscapeRight";
				LD_RUNPATH_SEARCH_PATHS = (
					"$(inherited)",
					"@executable_path/Frameworks",
				);
				MARKETING_VERSION = 1.0;
				PRODUCT_BUNDLE_IDENTIFIER = "com.geyushen.Netflix-Geyu";
				PRODUCT_NAME = "$(TARGET_NAME)";
				SWIFT_EMIT_LOC_STRINGS = YES;
				SWIFT_VERSION = 5.0;
				TARGETED_DEVICE_FAMILY = "1,2";
			};
			name = Debug;
		};
		C91040FF28CD79CE002B582C /* Release */ = {
			isa = XCBuildConfiguration;
			buildSettings = {
				ASSETCATALOG_COMPILER_APPICON_NAME = AppIcon;
				ASSETCATALOG_COMPILER_GLOBAL_ACCENT_COLOR_NAME = AccentColor;
				CODE_SIGN_STYLE = Automatic;
				CURRENT_PROJECT_VERSION = 1;
				DEVELOPMENT_TEAM = G45Q2W67L3;
				GENERATE_INFOPLIST_FILE = YES;
				INFOPLIST_FILE = "Netflix Geyu/Info.plist";
				INFOPLIST_KEY_UIApplicationSupportsIndirectInputEvents = YES;
				INFOPLIST_KEY_UILaunchStoryboardName = LaunchScreen;
				INFOPLIST_KEY_UISupportedInterfaceOrientations_iPad = "UIInterfaceOrientationPortrait UIInterfaceOrientationPortraitUpsideDown UIInterfaceOrientationLandscapeLeft UIInterfaceOrientationLandscapeRight";
				INFOPLIST_KEY_UISupportedInterfaceOrientations_iPhone = "UIInterfaceOrientationPortrait UIInterfaceOrientationLandscapeLeft UIInterfaceOrientationLandscapeRight";
				LD_RUNPATH_SEARCH_PATHS = (
					"$(inherited)",
					"@executable_path/Frameworks",
				);
				MARKETING_VERSION = 1.0;
				PRODUCT_BUNDLE_IDENTIFIER = "com.geyushen.Netflix-Geyu";
				PRODUCT_NAME = "$(TARGET_NAME)";
				SWIFT_EMIT_LOC_STRINGS = YES;
				SWIFT_VERSION = 5.0;
				TARGETED_DEVICE_FAMILY = "1,2";
			};
			name = Release;
		};
/* End XCBuildConfiguration section */

/* Begin XCConfigurationList section */
		C91040E428CD79CD002B582C /* Build configuration list for PBXProject "Netflix Geyu" */ = {
			isa = XCConfigurationList;
			buildConfigurations = (
				C91040FB28CD79CE002B582C /* Debug */,
				C91040FC28CD79CE002B582C /* Release */,
			);
			defaultConfigurationIsVisible = 0;
			defaultConfigurationName = Release;
		};
		C91040FD28CD79CE002B582C /* Build configuration list for PBXNativeTarget "Netflix Geyu" */ = {
			isa = XCConfigurationList;
			buildConfigurations = (
				C91040FE28CD79CE002B582C /* Debug */,
				C91040FF28CD79CE002B582C /* Release */,
			);
			defaultConfigurationIsVisible = 0;
			defaultConfigurationName = Release;
		};
/* End XCConfigurationList section */
	};
	rootObject = C91040E128CD79CD002B582C /* Project object */;
}
